
Microsoft Visual Studio Solution File, Format Version 12.00
# Visual Studio Version 16
VisualStudioVersion = 16.6.30114.105
MinimumVisualStudioVersion = 10.0.40219.1
Project("{2150E333-8FDC-42A3-9474-1A3956D46DE8}") = "src", "src", "{4881D1F3-A668-4615-BC07-60BBD6718A87}"
EndProject
Project("{FAE04EC0-301F-11D3-BF4B-00C04F79EFBC}") = "dotnet-affected", "src\dotnet-affected\dotnet-affected.csproj", "{1A7D0E97-544D-4162-8361-1F631D798E76}"
EndProject
Project("{FAE04EC0-301F-11D3-BF4B-00C04F79EFBC}") = "DotnetAffected.Core", "src\DotnetAffected.Core\DotnetAffected.Core.csproj", "{1BE407E6-63A6-4E5F-8931-88D017D4C745}"
EndProject
Project("{FAE04EC0-301F-11D3-BF4B-00C04F79EFBC}") = "DotnetAffected.Abstractions", "src\DotnetAffected.Abstractions\DotnetAffected.Abstractions.csproj", "{71CD53A6-7679-4EB0-8E28-F0123FB0B310}"
EndProject
Project("{2150E333-8FDC-42A3-9474-1A3956D46DE8}") = "test", "test", "{DAE457FC-8DA7-4A5E-8327-F429CAED3BD8}"
EndProject
Project("{FAE04EC0-301F-11D3-BF4B-00C04F79EFBC}") = "dotnet-affected.Tests", "test\dotnet-affected.Tests\dotnet-affected.Tests.csproj", "{F2A1E3C0-AB89-4935-A7E9-27A83C1B1BEC}"
EndProject
Project("{2150E333-8FDC-42A3-9474-1A3956D46DE8}") = "benchmarks", "benchmarks", "{7D522C9E-5903-4BE4-81D9-866769469A0C}"
EndProject
Project("{FAE04EC0-301F-11D3-BF4B-00C04F79EFBC}") = "dotnet-affected.Benchmarks", "benchmarks\dotnet-affected.Benchmarks\dotnet-affected.Benchmarks.csproj", "{AD4FD7CF-1334-4976-8657-D5B44E599149}"
EndProject
Project("{FAE04EC0-301F-11D3-BF4B-00C04F79EFBC}") = "DotnetAffected.Testing.Utils", "test\DotnetAffected.Testing.Utils\DotnetAffected.Testing.Utils.csproj", "{7B1B393C-5BA3-4078-A609-AE22B46EFD7B}"
EndProject
Project("{FAE04EC0-301F-11D3-BF4B-00C04F79EFBC}") = "DotnetAffected.Core.Tests", "test\DotnetAffected.Core.Tests\DotnetAffected.Core.Tests.csproj", "{3F8A1C4F-1A46-4898-91CB-A67AD8DE301C}"
EndProject
Global
	GlobalSection(SolutionConfigurationPlatforms) = preSolution
		Debug|Any CPU = Debug|Any CPU
		Debug|x64 = Debug|x64
		Debug|x86 = Debug|x86
		Release|Any CPU = Release|Any CPU
		Release|x64 = Release|x64
		Release|x86 = Release|x86
	EndGlobalSection
	GlobalSection(SolutionProperties) = preSolution
		HideSolutionNode = FALSE
	EndGlobalSection
	GlobalSection(ProjectConfigurationPlatforms) = postSolution
		{1A7D0E97-544D-4162-8361-1F631D798E76}.Debug|Any CPU.ActiveCfg = Debug|Any CPU
		{1A7D0E97-544D-4162-8361-1F631D798E76}.Debug|Any CPU.Build.0 = Debug|Any CPU
		{1A7D0E97-544D-4162-8361-1F631D798E76}.Debug|x64.ActiveCfg = Debug|Any CPU
		{1A7D0E97-544D-4162-8361-1F631D798E76}.Debug|x64.Build.0 = Debug|Any CPU
		{1A7D0E97-544D-4162-8361-1F631D798E76}.Debug|x86.ActiveCfg = Debug|Any CPU
		{1A7D0E97-544D-4162-8361-1F631D798E76}.Debug|x86.Build.0 = Debug|Any CPU
		{1A7D0E97-544D-4162-8361-1F631D798E76}.Release|Any CPU.ActiveCfg = Release|Any CPU
		{1A7D0E97-544D-4162-8361-1F631D798E76}.Release|Any CPU.Build.0 = Release|Any CPU
		{1A7D0E97-544D-4162-8361-1F631D798E76}.Release|x64.ActiveCfg = Release|Any CPU
		{1A7D0E97-544D-4162-8361-1F631D798E76}.Release|x64.Build.0 = Release|Any CPU
		{1A7D0E97-544D-4162-8361-1F631D798E76}.Release|x86.ActiveCfg = Release|Any CPU
		{1A7D0E97-544D-4162-8361-1F631D798E76}.Release|x86.Build.0 = Release|Any CPU
		{1BE407E6-63A6-4E5F-8931-88D017D4C745}.Debug|Any CPU.ActiveCfg = Debug|Any CPU
		{1BE407E6-63A6-4E5F-8931-88D017D4C745}.Debug|Any CPU.Build.0 = Debug|Any CPU
		{1BE407E6-63A6-4E5F-8931-88D017D4C745}.Debug|x64.ActiveCfg = Debug|Any CPU
		{1BE407E6-63A6-4E5F-8931-88D017D4C745}.Debug|x64.Build.0 = Debug|Any CPU
		{1BE407E6-63A6-4E5F-8931-88D017D4C745}.Debug|x86.ActiveCfg = Debug|Any CPU
		{1BE407E6-63A6-4E5F-8931-88D017D4C745}.Debug|x86.Build.0 = Debug|Any CPU
		{1BE407E6-63A6-4E5F-8931-88D017D4C745}.Release|Any CPU.ActiveCfg = Release|Any CPU
		{1BE407E6-63A6-4E5F-8931-88D017D4C745}.Release|Any CPU.Build.0 = Release|Any CPU
		{1BE407E6-63A6-4E5F-8931-88D017D4C745}.Release|x64.ActiveCfg = Release|Any CPU
		{1BE407E6-63A6-4E5F-8931-88D017D4C745}.Release|x64.Build.0 = Release|Any CPU
		{1BE407E6-63A6-4E5F-8931-88D017D4C745}.Release|x86.ActiveCfg = Release|Any CPU
		{1BE407E6-63A6-4E5F-8931-88D017D4C745}.Release|x86.Build.0 = Release|Any CPU
		{71CD53A6-7679-4EB0-8E28-F0123FB0B310}.Debug|Any CPU.ActiveCfg = Debug|Any CPU
		{71CD53A6-7679-4EB0-8E28-F0123FB0B310}.Debug|Any CPU.Build.0 = Debug|Any CPU
		{71CD53A6-7679-4EB0-8E28-F0123FB0B310}.Debug|x64.ActiveCfg = Debug|Any CPU
		{71CD53A6-7679-4EB0-8E28-F0123FB0B310}.Debug|x64.Build.0 = Debug|Any CPU
		{71CD53A6-7679-4EB0-8E28-F0123FB0B310}.Debug|x86.ActiveCfg = Debug|Any CPU
		{71CD53A6-7679-4EB0-8E28-F0123FB0B310}.Debug|x86.Build.0 = Debug|Any CPU
		{71CD53A6-7679-4EB0-8E28-F0123FB0B310}.Release|Any CPU.ActiveCfg = Release|Any CPU
		{71CD53A6-7679-4EB0-8E28-F0123FB0B310}.Release|Any CPU.Build.0 = Release|Any CPU
		{71CD53A6-7679-4EB0-8E28-F0123FB0B310}.Release|x64.ActiveCfg = Release|Any CPU
		{71CD53A6-7679-4EB0-8E28-F0123FB0B310}.Release|x64.Build.0 = Release|Any CPU
		{71CD53A6-7679-4EB0-8E28-F0123FB0B310}.Release|x86.ActiveCfg = Release|Any CPU
		{71CD53A6-7679-4EB0-8E28-F0123FB0B310}.Release|x86.Build.0 = Release|Any CPU
		{F2A1E3C0-AB89-4935-A7E9-27A83C1B1BEC}.Debug|Any CPU.ActiveCfg = Debug|Any CPU
		{F2A1E3C0-AB89-4935-A7E9-27A83C1B1BEC}.Debug|Any CPU.Build.0 = Debug|Any CPU
		{F2A1E3C0-AB89-4935-A7E9-27A83C1B1BEC}.Debug|x64.ActiveCfg = Debug|Any CPU
		{F2A1E3C0-AB89-4935-A7E9-27A83C1B1BEC}.Debug|x64.Build.0 = Debug|Any CPU
		{F2A1E3C0-AB89-4935-A7E9-27A83C1B1BEC}.Debug|x86.ActiveCfg = Debug|Any CPU
		{F2A1E3C0-AB89-4935-A7E9-27A83C1B1BEC}.Debug|x86.Build.0 = Debug|Any CPU
		{F2A1E3C0-AB89-4935-A7E9-27A83C1B1BEC}.Release|Any CPU.ActiveCfg = Release|Any CPU
		{F2A1E3C0-AB89-4935-A7E9-27A83C1B1BEC}.Release|Any CPU.Build.0 = Release|Any CPU
		{F2A1E3C0-AB89-4935-A7E9-27A83C1B1BEC}.Release|x64.ActiveCfg = Release|Any CPU
		{F2A1E3C0-AB89-4935-A7E9-27A83C1B1BEC}.Release|x64.Build.0 = Release|Any CPU
		{F2A1E3C0-AB89-4935-A7E9-27A83C1B1BEC}.Release|x86.ActiveCfg = Release|Any CPU
		{F2A1E3C0-AB89-4935-A7E9-27A83C1B1BEC}.Release|x86.Build.0 = Release|Any CPU
		{AD4FD7CF-1334-4976-8657-D5B44E599149}.Debug|Any CPU.ActiveCfg = Debug|Any CPU
		{AD4FD7CF-1334-4976-8657-D5B44E599149}.Debug|Any CPU.Build.0 = Debug|Any CPU
		{AD4FD7CF-1334-4976-8657-D5B44E599149}.Debug|x64.ActiveCfg = Debug|Any CPU
		{AD4FD7CF-1334-4976-8657-D5B44E599149}.Debug|x64.Build.0 = Debug|Any CPU
		{AD4FD7CF-1334-4976-8657-D5B44E599149}.Debug|x86.ActiveCfg = Debug|Any CPU
		{AD4FD7CF-1334-4976-8657-D5B44E599149}.Debug|x86.Build.0 = Debug|Any CPU
		{AD4FD7CF-1334-4976-8657-D5B44E599149}.Release|Any CPU.ActiveCfg = Release|Any CPU
		{AD4FD7CF-1334-4976-8657-D5B44E599149}.Release|Any CPU.Build.0 = Release|Any CPU
		{AD4FD7CF-1334-4976-8657-D5B44E599149}.Release|x64.ActiveCfg = Release|Any CPU
		{AD4FD7CF-1334-4976-8657-D5B44E599149}.Release|x64.Build.0 = Release|Any CPU
		{AD4FD7CF-1334-4976-8657-D5B44E599149}.Release|x86.ActiveCfg = Release|Any CPU
		{AD4FD7CF-1334-4976-8657-D5B44E599149}.Release|x86.Build.0 = Release|Any CPU
		{7B1B393C-5BA3-4078-A609-AE22B46EFD7B}.Debug|Any CPU.ActiveCfg = Debug|Any CPU
		{7B1B393C-5BA3-4078-A609-AE22B46EFD7B}.Debug|Any CPU.Build.0 = Debug|Any CPU
		{7B1B393C-5BA3-4078-A609-AE22B46EFD7B}.Debug|x64.ActiveCfg = Debug|Any CPU
		{7B1B393C-5BA3-4078-A609-AE22B46EFD7B}.Debug|x64.Build.0 = Debug|Any CPU
		{7B1B393C-5BA3-4078-A609-AE22B46EFD7B}.Debug|x86.ActiveCfg = Debug|Any CPU
		{7B1B393C-5BA3-4078-A609-AE22B46EFD7B}.Debug|x86.Build.0 = Debug|Any CPU
		{7B1B393C-5BA3-4078-A609-AE22B46EFD7B}.Release|Any CPU.ActiveCfg = Release|Any CPU
		{7B1B393C-5BA3-4078-A609-AE22B46EFD7B}.Release|Any CPU.Build.0 = Release|Any CPU
		{7B1B393C-5BA3-4078-A609-AE22B46EFD7B}.Release|x64.ActiveCfg = Release|Any CPU
		{7B1B393C-5BA3-4078-A609-AE22B46EFD7B}.Release|x64.Build.0 = Release|Any CPU
		{7B1B393C-5BA3-4078-A609-AE22B46EFD7B}.Release|x86.ActiveCfg = Release|Any CPU
		{7B1B393C-5BA3-4078-A609-AE22B46EFD7B}.Release|x86.Build.0 = Release|Any CPU
		{3F8A1C4F-1A46-4898-91CB-A67AD8DE301C}.Debug|Any CPU.ActiveCfg = Debug|Any CPU
		{3F8A1C4F-1A46-4898-91CB-A67AD8DE301C}.Debug|Any CPU.Build.0 = Debug|Any CPU
		{3F8A1C4F-1A46-4898-91CB-A67AD8DE301C}.Debug|x64.ActiveCfg = Debug|Any CPU
		{3F8A1C4F-1A46-4898-91CB-A67AD8DE301C}.Debug|x64.Build.0 = Debug|Any CPU
		{3F8A1C4F-1A46-4898-91CB-A67AD8DE301C}.Debug|x86.ActiveCfg = Debug|Any CPU
		{3F8A1C4F-1A46-4898-91CB-A67AD8DE301C}.Debug|x86.Build.0 = Debug|Any CPU
		{3F8A1C4F-1A46-4898-91CB-A67AD8DE301C}.Release|Any CPU.ActiveCfg = Release|Any CPU
		{3F8A1C4F-1A46-4898-91CB-A67AD8DE301C}.Release|Any CPU.Build.0 = Release|Any CPU
		{3F8A1C4F-1A46-4898-91CB-A67AD8DE301C}.Release|x64.ActiveCfg = Release|Any CPU
		{3F8A1C4F-1A46-4898-91CB-A67AD8DE301C}.Release|x64.Build.0 = Release|Any CPU
		{3F8A1C4F-1A46-4898-91CB-A67AD8DE301C}.Release|x86.ActiveCfg = Release|Any CPU
		{3F8A1C4F-1A46-4898-91CB-A67AD8DE301C}.Release|x86.Build.0 = Release|Any CPU
	EndGlobalSection
	GlobalSection(NestedProjects) = preSolution
		{1A7D0E97-544D-4162-8361-1F631D798E76} = {4881D1F3-A668-4615-BC07-60BBD6718A87}
		{1BE407E6-63A6-4E5F-8931-88D017D4C745} = {4881D1F3-A668-4615-BC07-60BBD6718A87}
		{71CD53A6-7679-4EB0-8E28-F0123FB0B310} = {4881D1F3-A668-4615-BC07-60BBD6718A87}
		{F2A1E3C0-AB89-4935-A7E9-27A83C1B1BEC} = {DAE457FC-8DA7-4A5E-8327-F429CAED3BD8}
		{AD4FD7CF-1334-4976-8657-D5B44E599149} = {7D522C9E-5903-4BE4-81D9-866769469A0C}
		{7B1B393C-5BA3-4078-A609-AE22B46EFD7B} = {DAE457FC-8DA7-4A5E-8327-F429CAED3BD8}
		{3F8A1C4F-1A46-4898-91CB-A67AD8DE301C} = {DAE457FC-8DA7-4A5E-8327-F429CAED3BD8}
	EndGlobalSection
EndGlobal
